PODS:
  - Flutter (1.0.0)
  - flutter_breez_liquid (0.11.11):
    - Flutter
  - flutter_secure_storage_darwin (10.0.0):
    - Flutter
    - FlutterMacOS
  - integration_test (0.0.1):
    - Flutter
  - local_auth_darwin (0.0.1):
    - Flutter
    - FlutterMacOS
  - mobile_scanner (7.0.0):
    - Flutter
    - FlutterMacOS
  - path_provider_foundation (0.0.1):
    - Flutter
    - FlutterMacOS
  - share_plus (0.0.1):
    - Flutter
  - TrustKit (3.0.7)

DEPENDENCIES:
  - Flutter (from `Flutter`)
  - flutter_breez_liquid (from `.symlinks/plugins/flutter_breez_liquid/ios`)
  - flutter_secure_storage_darwin (from `.symlinks/plugins/flutter_secure_storage_darwin/darwin`)
  - integration_test (from `.symlinks/plugins/integration_test/ios`)
  - local_auth_darwin (from `.symlinks/plugins/local_auth_darwin/darwin`)
  - mobile_scanner (from `.symlinks/plugins/mobile_scanner/darwin`)
  - path_provider_foundation (from `.symlinks/plugins/path_provider_foundation/darwin`)
  - share_plus (from `.symlinks/plugins/share_plus/ios`)
  - TrustKit (~> 3.0)

SPEC REPOS:
  trunk:
    - TrustKit

EXTERNAL SOURCES:
  Flutter:
    :path: Flutter
  flutter_breez_liquid:
    :path: ".symlinks/plugins/flutter_breez_liquid/ios"
  flutter_secure_storage_darwin:
    :path: ".symlinks/plugins/flutter_secure_storage_darwin/darwin"
  integration_test:
    :path: ".symlinks/plugins/integration_test/ios"
  local_auth_darwin:
    :path: ".symlinks/plugins/local_auth_darwin/darwin"
  mobile_scanner:
    :path: ".symlinks/plugins/mobile_scanner/darwin"
  path_provider_foundation:
    :path: ".symlinks/plugins/path_provider_foundation/darwin"
  share_plus:
    :path: ".symlinks/plugins/share_plus/ios"

SPEC CHECKSUMS:
  Flutter: cabc95a1d2626b1b06e7179b784ebcf0c0cde467
  flutter_breez_liquid: 825b26d9a9726f1f24f889195ac20543290348a0
  flutter_secure_storage_darwin: acdb3f316ed05a3e68f856e0353b133eec373a23
  integration_test: 4a889634ef21a45d28d50d622cf412dc6d9f586e
  local_auth_darwin: c3ee6cce0a8d56be34c8ccb66ba31f7f180aaebb
  mobile_scanner: 9157936403f5a0644ca3779a38ff8404c5434a93
  path_provider_foundation: bb55f6dbba17d0dccd6737fe6f7f34fbd0376880
  share_plus: 50da8cb520a8f0f65671c6c6a99b3617ed10a58a
  TrustKit: 1050f3ce0595f8ed775f1237b7f590e3a4f93e91

PODFILE CHECKSUM: 7da56a9f3585b32b28deb651f74e8be5c3a3ef7b

COCOAPODS: 1.16.2
